
Microsoft Visual Studio Solution File, Format Version 12.00
# Visual Studio Version 17
VisualStudioVersion = 17.7.34031.279
MinimumVisualStudioVersion = 10.0.40219.1
Project("{9A19103F-16F7-4668-BE54-9A1E7A4F7556}") = "ProyectoRefriPolar", "ProyectoRefriPolar\ProyectoRefriPolar.csproj", "{38757F8D-FB62-4166-8C0D-7A70E97FF4E6}"
EndProject
Project("{54435603-DBB4-11D2-8724-00A0C9A8B90C}") = "SetupRefriPolar", "SetupRefriPolar\SetupRefriPolar.vdproj", "{8C58B771-5305-4DEF-BDFD-D30EC24DF522}"
EndProject
Global
	GlobalSection(SolutionConfigurationPlatforms) = preSolution
		Debug|Any CPU = Debug|Any CPU
		Release|Any CPU = Release|Any CPU
	EndGlobalSection
	GlobalSection(ProjectConfigurationPlatforms) = postSolution
		{38757F8D-FB62-4166-8C0D-7A70E97FF4E6}.Debug|Any CPU.ActiveCfg = Debug|Any CPU
		{38757F8D-FB62-4166-8C0D-7A70E97FF4E6}.Debug|Any CPU.Build.0 = Debug|Any CPU
		{38757F8D-FB62-4166-8C0D-7A70E97FF4E6}.Release|Any CPU.ActiveCfg = Release|Any CPU
		{38757F8D-FB62-4166-8C0D-7A70E97FF4E6}.Release|Any CPU.Build.0 = Release|Any CPU
		{8C58B771-5305-4DEF-BDFD-D30EC24DF522}.Debug|Any CPU.ActiveCfg = Debug
		{8C58B771-5305-4DEF-BDFD-D30EC24DF522}.Release|Any CPU.ActiveCfg = Release
	EndGlobalSection
	GlobalSection(SolutionProperties) = preSolution
		HideSolutionNode = FALSE
	EndGlobalSection
	GlobalSection(ExtensibilityGlobals) = postSolution
		SolutionGuid = {779DD928-8690-46A3-A463-135D9059CC49}
	EndGlobalSection
EndGlobal
